
Microsoft Visual Studio Solution File, Format Version 12.00
# Visual Studio Version 16
VisualStudioVersion = 16.0.32126.315
MinimumVisualStudioVersion = 10.0.40219.1
Project("{FAE04EC0-301F-11D3-BF4B-00C04F79EFBC}") = "MarcusOS", "MarcusOS\MarcusOS.csproj", "{F94E0438-B7E8-4F84-836E-3261A175DBCF}"
EndProject
Global
	GlobalSection(SolutionConfigurationPlatforms) = preSolution
		Debug|Any CPU = Debug|Any CPU
		Release|Any CPU = Release|Any CPU
	EndGlobalSection
	GlobalSection(ProjectConfigurationPlatforms) = postSolution
		{F94E0438-B7E8-4F84-836E-3261A175DBCF}.Debug|Any CPU.ActiveCfg = Debug|Any CPU
		{F94E0438-B7E8-4F84-836E-3261A175DBCF}.Debug|Any CPU.Build.0 = Debug|Any CPU
		{F94E0438-B7E8-4F84-836E-3261A175DBCF}.Release|Any CPU.ActiveCfg = Release|Any CPU
		{F94E0438-B7E8-4F84-836E-3261A175DBCF}.Release|Any CPU.Build.0 = Release|Any CPU
	EndGlobalSection
	GlobalSection(SolutionProperties) = preSolution
		HideSolutionNode = FALSE
	EndGlobalSection
	GlobalSection(ExtensibilityGlobals) = postSolution
		SolutionGuid = {33CEE750-56EF-4537-B4C8-92C5180060B5}
	EndGlobalSection
EndGlobal
